
Microsoft Visual Studio Solution File, Format Version 12.00
Project("{FAE04EC0-301F-11D3-BF4B-00C04F79EFBC}") = "EmberFramework.Abstraction", "src\EmberFramework.Abstraction\EmberFramework.Abstraction.csproj", "{23DCCB7B-C178-4BF0-A888-B9250260094F}"
EndProject
Project("{2150E333-8FDC-42A3-9474-1A3956D46DE8}") = "src", "src", "{B7B5F714-AB75-4016-9DB2-8CA2D54DBE4B}"
EndProject
Project("{FAE04EC0-301F-11D3-BF4B-00C04F79EFBC}") = "EmberFramework", "src\EmberFramework\EmberFramework.csproj", "{6D3066D8-346D-4173-922C-91A39EB604E2}"
EndProject
Project("{2150E333-8FDC-42A3-9474-1A3956D46DE8}") = "test", "test", "{63AE5B76-A806-4317-B542-B33EF37823D8}"
EndProject
Project("{FAE04EC0-301F-11D3-BF4B-00C04F79EFBC}") = "EmberFramework.Test", "test\EmberFramework.Test\EmberFramework.Test.csproj", "{80C2CC33-8B1E-4B53-BAE6-E4DE45A185D0}"
EndProject
Project("{FAE04EC0-301F-11D3-BF4B-00C04F79EFBC}") = "EmberFramework.Test.SeparatedDummies", "test\EmberFramework.Test.SeparatedDummies\EmberFramework.Test.SeparatedDummies.csproj", "{D8012370-0CB1-471D-9825-40C5CBAA3317}"
EndProject
Global
	GlobalSection(SolutionConfigurationPlatforms) = preSolution
		Debug|Any CPU = Debug|Any CPU
		Release|Any CPU = Release|Any CPU
	EndGlobalSection
	GlobalSection(ProjectConfigurationPlatforms) = postSolution
		{23DCCB7B-C178-4BF0-A888-B9250260094F}.Debug|Any CPU.ActiveCfg = Debug|Any CPU
		{23DCCB7B-C178-4BF0-A888-B9250260094F}.Debug|Any CPU.Build.0 = Debug|Any CPU
		{23DCCB7B-C178-4BF0-A888-B9250260094F}.Release|Any CPU.ActiveCfg = Release|Any CPU
		{23DCCB7B-C178-4BF0-A888-B9250260094F}.Release|Any CPU.Build.0 = Release|Any CPU
		{6D3066D8-346D-4173-922C-91A39EB604E2}.Debug|Any CPU.ActiveCfg = Debug|Any CPU
		{6D3066D8-346D-4173-922C-91A39EB604E2}.Debug|Any CPU.Build.0 = Debug|Any CPU
		{6D3066D8-346D-4173-922C-91A39EB604E2}.Release|Any CPU.ActiveCfg = Release|Any CPU
		{6D3066D8-346D-4173-922C-91A39EB604E2}.Release|Any CPU.Build.0 = Release|Any CPU
		{80C2CC33-8B1E-4B53-BAE6-E4DE45A185D0}.Debug|Any CPU.ActiveCfg = Debug|Any CPU
		{80C2CC33-8B1E-4B53-BAE6-E4DE45A185D0}.Debug|Any CPU.Build.0 = Debug|Any CPU
		{80C2CC33-8B1E-4B53-BAE6-E4DE45A185D0}.Release|Any CPU.ActiveCfg = Release|Any CPU
		{80C2CC33-8B1E-4B53-BAE6-E4DE45A185D0}.Release|Any CPU.Build.0 = Release|Any CPU
		{D8012370-0CB1-471D-9825-40C5CBAA3317}.Debug|Any CPU.ActiveCfg = Debug|Any CPU
		{D8012370-0CB1-471D-9825-40C5CBAA3317}.Debug|Any CPU.Build.0 = Debug|Any CPU
		{D8012370-0CB1-471D-9825-40C5CBAA3317}.Release|Any CPU.ActiveCfg = Release|Any CPU
		{D8012370-0CB1-471D-9825-40C5CBAA3317}.Release|Any CPU.Build.0 = Release|Any CPU
	EndGlobalSection
	GlobalSection(NestedProjects) = preSolution
		{23DCCB7B-C178-4BF0-A888-B9250260094F} = {B7B5F714-AB75-4016-9DB2-8CA2D54DBE4B}
		{6D3066D8-346D-4173-922C-91A39EB604E2} = {B7B5F714-AB75-4016-9DB2-8CA2D54DBE4B}
		{80C2CC33-8B1E-4B53-BAE6-E4DE45A185D0} = {63AE5B76-A806-4317-B542-B33EF37823D8}
		{D8012370-0CB1-471D-9825-40C5CBAA3317} = {63AE5B76-A806-4317-B542-B33EF37823D8}
	EndGlobalSection
EndGlobal
